
Microsoft Visual Studio Solution File, Format Version 12.00
# Visual Studio Version 17
VisualStudioVersion = 17.7.34024.191
MinimumVisualStudioVersion = 10.0.40219.1
Project("{FAE04EC0-301F-11D3-BF4B-00C04F79EFBC}") = "Healthcare.Api", "Healthcare.Api.csproj", "{0CD8E924-DB52-4B66-A895-57877F8097DB}"
EndProject
Global
	GlobalSection(SolutionConfigurationPlatforms) = preSolution
		Debug|Any CPU = Debug|Any CPU
		Release|Any CPU = Release|Any CPU
	EndGlobalSection
	GlobalSection(ProjectConfigurationPlatforms) = postSolution
		{0CD8E924-DB52-4B66-A895-57877F8097DB}.Debug|Any CPU.ActiveCfg = Debug|Any CPU
		{0CD8E924-DB52-4B66-A895-57877F8097DB}.Debug|Any CPU.Build.0 = Debug|Any CPU
		{0CD8E924-DB52-4B66-A895-57877F8097DB}.Release|Any CPU.ActiveCfg = Release|Any CPU
		{0CD8E924-DB52-4B66-A895-57877F8097DB}.Release|Any CPU.Build.0 = Release|Any CPU
	EndGlobalSection
	GlobalSection(SolutionProperties) = preSolution
		HideSolutionNode = FALSE
	EndGlobalSection
	GlobalSection(ExtensibilityGlobals) = postSolution
		SolutionGuid = {F2B2EDD6-5467-4E26-BB89-2FE63C8069B2}
	EndGlobalSection
EndGlobal
